
Microsoft Visual Studio Solution File, Format Version 12.00
# Visual Studio 15
VisualStudioVersion = 15.0.27130.2036
MinimumVisualStudioVersion = 10.0.40219.1
Project("{8BC9CEB8-8B4A-11D0-8D11-00A0C91BC942}") = "CorkLib", "CorkLib\CorkLib.vcxproj", "{6BFC4809-FF4F-4801-8202-1D82BD3F31AC}"
EndProject
Project("{8BC9CEB8-8B4A-11D0-8D11-00A0C91BC942}") = "RegressionTest", "RegressionTest\RegressionTest.vcxproj", "{AC855342-9D2D-4593-A9E1-30D178DE984A}"
	ProjectSection(ProjectDependencies) = postProject
		{6BFC4809-FF4F-4801-8202-1D82BD3F31AC} = {6BFC4809-FF4F-4801-8202-1D82BD3F31AC}
	EndProjectSection
EndProject
Project("{2150E333-8FDC-42A3-9474-1A3956D46DE8}") = "Solution Items", "Solution Items", "{D87B0071-0FB4-41D8-AC3F-3B57A77C84AD}"
EndProject
Global
	GlobalSection(SolutionConfigurationPlatforms) = preSolution
		Debug|Win32 = Debug|Win32
		Debug|x64 = Debug|x64
		Rel-Dbl|Win32 = Rel-Dbl|Win32
		Rel-Dbl|x64 = Rel-Dbl|x64
		Rel-Dbl-AVX|Win32 = Rel-Dbl-AVX|Win32
		Rel-Dbl-AVX|x64 = Rel-Dbl-AVX|x64
		Rel-Flt|Win32 = Rel-Flt|Win32
		Rel-Flt|x64 = Rel-Flt|x64
	EndGlobalSection
	GlobalSection(ProjectConfigurationPlatforms) = postSolution
		{6BFC4809-FF4F-4801-8202-1D82BD3F31AC}.Debug|Win32.ActiveCfg = Debug|Win32
		{6BFC4809-FF4F-4801-8202-1D82BD3F31AC}.Debug|Win32.Build.0 = Debug|Win32
		{6BFC4809-FF4F-4801-8202-1D82BD3F31AC}.Debug|x64.ActiveCfg = Debug|x64
		{6BFC4809-FF4F-4801-8202-1D82BD3F31AC}.Debug|x64.Build.0 = Debug|x64
		{6BFC4809-FF4F-4801-8202-1D82BD3F31AC}.Rel-Dbl|Win32.ActiveCfg = Rel-Dbl|Win32
		{6BFC4809-FF4F-4801-8202-1D82BD3F31AC}.Rel-Dbl|Win32.Build.0 = Rel-Dbl|Win32
		{6BFC4809-FF4F-4801-8202-1D82BD3F31AC}.Rel-Dbl|x64.ActiveCfg = Rel-Dbl|x64
		{6BFC4809-FF4F-4801-8202-1D82BD3F31AC}.Rel-Dbl|x64.Build.0 = Rel-Dbl|x64
		{6BFC4809-FF4F-4801-8202-1D82BD3F31AC}.Rel-Dbl-AVX|Win32.ActiveCfg = Rel-Dbl-AVX|Win32
		{6BFC4809-FF4F-4801-8202-1D82BD3F31AC}.Rel-Dbl-AVX|Win32.Build.0 = Rel-Dbl-AVX|Win32
		{6BFC4809-FF4F-4801-8202-1D82BD3F31AC}.Rel-Dbl-AVX|x64.ActiveCfg = Rel-Dbl-AVX|x64
		{6BFC4809-FF4F-4801-8202-1D82BD3F31AC}.Rel-Dbl-AVX|x64.Build.0 = Rel-Dbl-AVX|x64
		{6BFC4809-FF4F-4801-8202-1D82BD3F31AC}.Rel-Flt|Win32.ActiveCfg = Rel-Flt|Win32
		{6BFC4809-FF4F-4801-8202-1D82BD3F31AC}.Rel-Flt|Win32.Build.0 = Rel-Flt|Win32
		{6BFC4809-FF4F-4801-8202-1D82BD3F31AC}.Rel-Flt|x64.ActiveCfg = Rel-Flt|x64
		{6BFC4809-FF4F-4801-8202-1D82BD3F31AC}.Rel-Flt|x64.Build.0 = Rel-Flt|x64
		{AC855342-9D2D-4593-A9E1-30D178DE984A}.Debug|Win32.ActiveCfg = Debug|Win32
		{AC855342-9D2D-4593-A9E1-30D178DE984A}.Debug|Win32.Build.0 = Debug|Win32
		{AC855342-9D2D-4593-A9E1-30D178DE984A}.Debug|x64.ActiveCfg = Debug|x64
		{AC855342-9D2D-4593-A9E1-30D178DE984A}.Debug|x64.Build.0 = Debug|x64
		{AC855342-9D2D-4593-A9E1-30D178DE984A}.Rel-Dbl|Win32.ActiveCfg = Rel-Dbl|Win32
		{AC855342-9D2D-4593-A9E1-30D178DE984A}.Rel-Dbl|Win32.Build.0 = Rel-Dbl|Win32
		{AC855342-9D2D-4593-A9E1-30D178DE984A}.Rel-Dbl|x64.ActiveCfg = Rel-Dbl|x64
		{AC855342-9D2D-4593-A9E1-30D178DE984A}.Rel-Dbl|x64.Build.0 = Rel-Dbl|x64
		{AC855342-9D2D-4593-A9E1-30D178DE984A}.Rel-Dbl-AVX|Win32.ActiveCfg = Rel-Dbl-AVX|Win32
		{AC855342-9D2D-4593-A9E1-30D178DE984A}.Rel-Dbl-AVX|Win32.Build.0 = Rel-Dbl-AVX|Win32
		{AC855342-9D2D-4593-A9E1-30D178DE984A}.Rel-Dbl-AVX|x64.ActiveCfg = Rel-Dbl-AVX|x64
		{AC855342-9D2D-4593-A9E1-30D178DE984A}.Rel-Dbl-AVX|x64.Build.0 = Rel-Dbl-AVX|x64
		{AC855342-9D2D-4593-A9E1-30D178DE984A}.Rel-Flt|Win32.ActiveCfg = Rel-Flt|Win32
		{AC855342-9D2D-4593-A9E1-30D178DE984A}.Rel-Flt|Win32.Build.0 = Rel-Flt|Win32
		{AC855342-9D2D-4593-A9E1-30D178DE984A}.Rel-Flt|x64.ActiveCfg = Rel-Flt|x64
		{AC855342-9D2D-4593-A9E1-30D178DE984A}.Rel-Flt|x64.Build.0 = Rel-Flt|x64
	EndGlobalSection
	GlobalSection(SolutionProperties) = preSolution
		HideSolutionNode = FALSE
	EndGlobalSection
	GlobalSection(ExtensibilityGlobals) = postSolution
		SolutionGuid = {9331B9AE-1E4A-4A35-ACEF-C3083E439E09}
	EndGlobalSection
	GlobalSection(Performance) = preSolution
		HasPerformanceSessions = true
	EndGlobalSection
	GlobalSection(Performance) = preSolution
		HasPerformanceSessions = true
	EndGlobalSection
EndGlobal
