<?xml version="1.0" encoding="utf-8"?>
<Project ToolsVersion="4.0" xmlns="http://schemas.microsoft.com/developer/msbuild/2003">
  <ItemGroup>
    <Filter Include="Source Files">
      <UniqueIdentifier>{4FC737F1-C7A5-4376-A066-2A32D752A2FF}</UniqueIdentifier>
      <Extensions>cpp;c;cc;cxx;def;odl;idl;hpj;bat;asm;asmx</Extensions>
    </Filter>
    <Filter Include="Header Files">
      <UniqueIdentifier>{93995380-89BD-4b04-88EB-625FBE52EBFB}</UniqueIdentifier>
      <Extensions>h;hh;hpp;hxx;hm;inl;inc;xsd</Extensions>
    </Filter>
    <Filter Include="Resource Files">
      <UniqueIdentifier>{67DA6AB6-F800-4c08-8B7A-83BB121AAD01}</UniqueIdentifier>
      <Extensions>rc;ico;cur;bmp;dlg;rc2;rct;bin;rgs;gif;jpg;jpeg;jpe;resx;tiff;tif;png;wav;mfcribbon-ms</Extensions>
    </Filter>
    <Filter Include="Header Files\FileFormats">
      <UniqueIdentifier>{9f68367f-bc09-446a-aed2-2db333c3d4d9}</UniqueIdentifier>
    </Filter>
    <Filter Include="Header Files\Accel">
      <UniqueIdentifier>{5c4d4e94-ccef-42de-a268-acf6002e710d}</UniqueIdentifier>
    </Filter>
    <Filter Include="Source Files\FileFormats">
      <UniqueIdentifier>{19e38b5f-0374-496b-a467-36b414ccf637}</UniqueIdentifier>
    </Filter>
    <Filter Include="Header Files\Intersection">
      <UniqueIdentifier>{70114114-5d90-4d12-8634-12d0e152b582}</UniqueIdentifier>
    </Filter>
    <Filter Include="Source Files\Intersection">
      <UniqueIdentifier>{0ca90b9c-5cd7-4446-b995-326b47d1e1f6}</UniqueIdentifier>
    </Filter>
    <Filter Include="Header Files\Math">
      <UniqueIdentifier>{531e844f-52ad-4d4a-a17d-a241eed01c70}</UniqueIdentifier>
    </Filter>
    <Filter Include="Header Files\Mesh">
      <UniqueIdentifier>{7a227957-ef90-406e-83c0-a81958dfb670}</UniqueIdentifier>
    </Filter>
    <Filter Include="Source Files\Util">
      <UniqueIdentifier>{3b1b0e62-fdc8-4731-a6cc-9e45065a9f40}</UniqueIdentifier>
    </Filter>
    <Filter Include="Source Files\Accel">
      <UniqueIdentifier>{af6fa812-8622-48d6-9828-859eab5fa3ef}</UniqueIdentifier>
    </Filter>
    <Filter Include="Source Files\Mesh">
      <UniqueIdentifier>{752d0ace-b2a8-4ef1-8a1b-2f512ef641bd}</UniqueIdentifier>
    </Filter>
    <Filter Include="Header Files\Statistics">
      <UniqueIdentifier>{cab66dd4-f8f0-4d11-95fe-3387691c1b1d}</UniqueIdentifier>
    </Filter>
    <Filter Include="Header Files\Util">
      <UniqueIdentifier>{735fb804-fa2d-4ebe-9f54-6cbf5b953013}</UniqueIdentifier>
    </Filter>
  </ItemGroup>
  <ItemGroup>
    <Text Include="ReadMe.txt" />
  </ItemGroup>
  <ItemGroup>
    <ClInclude Include="targetver.h">
      <Filter>Header Files</Filter>
    </ClInclude>
    <ClInclude Include="cork.h">
      <Filter>Header Files</Filter>
    </ClInclude>
    <ClInclude Include="Intersection\absext4.h">
      <Filter>Header Files\Intersection</Filter>
    </ClInclude>
    <ClInclude Include="Intersection\empty3d.h">
      <Filter>Header Files\Intersection</Filter>
    </ClInclude>
    <ClInclude Include="Intersection\ext4.h">
      <Filter>Header Files\Intersection</Filter>
    </ClInclude>
    <ClInclude Include="Intersection\fixext4.h">
      <Filter>Header Files\Intersection</Filter>
    </ClInclude>
    <ClInclude Include="Intersection\fixint.h">
      <Filter>Header Files\Intersection</Filter>
    </ClInclude>
    <ClInclude Include="Intersection\gmpext4.h">
      <Filter>Header Files\Intersection</Filter>
    </ClInclude>
    <ClInclude Include="Intersection\quantization.h">
      <Filter>Header Files\Intersection</Filter>
    </ClInclude>
    <ClInclude Include="Intersection\triangle.h">
      <Filter>Header Files\Intersection</Filter>
    </ClInclude>
    <ClInclude Include="Intersection\unsafeRayTriIsct.h">
      <Filter>Header Files\Intersection</Filter>
    </ClInclude>
    <ClInclude Include="Util\prelude.h">
      <Filter>Header Files\Util</Filter>
    </ClInclude>
    <ClInclude Include="Util\unionFind.h">
      <Filter>Header Files\Util</Filter>
    </ClInclude>
    <ClInclude Include="TriangleMesh.h">
      <Filter>Source Files</Filter>
    </ClInclude>
    <ClInclude Include="FileFormats\files.h">
      <Filter>Header Files\FileFormats</Filter>
    </ClInclude>
    <ClInclude Include="Mesh\MeshBase.h">
      <Filter>Header Files\Mesh</Filter>
    </ClInclude>
    <ClInclude Include="Util\ManagedIntrusiveList.h">
      <Filter>Header Files\Util</Filter>
    </ClInclude>
    <ClInclude Include="Mesh\IntersectionProblem.h">
      <Filter>Header Files\Mesh</Filter>
    </ClInclude>
    <ClInclude Include="Math\Ray3D.h">
      <Filter>Header Files\Math</Filter>
    </ClInclude>
    <ClInclude Include="Math\Vector3DSSE.h">
      <Filter>Header Files\Math</Filter>
    </ClInclude>
    <ClInclude Include="Math\BoundingBox.h">
      <Filter>Header Files\Math</Filter>
    </ClInclude>
    <ClInclude Include="accel\aabvh.h">
      <Filter>Header Files\Accel</Filter>
    </ClInclude>
    <ClInclude Include="Util\FastStack.h">
      <Filter>Header Files\Util</Filter>
    </ClInclude>
    <ClInclude Include="Mesh\EGraphCache.h">
      <Filter>Header Files\Mesh</Filter>
    </ClInclude>
    <ClInclude Include="Math\Primitives.h">
      <Filter>Header Files\Math</Filter>
    </ClInclude>
    <ClInclude Include="CorkDefs.h">
      <Filter>Header Files</Filter>
    </ClInclude>
    <ClInclude Include="Math\Vector3DTemplate.h">
      <Filter>Header Files\Math</Filter>
    </ClInclude>
    <ClInclude Include="Math\Vector2DTemplate.h">
      <Filter>Header Files\Math</Filter>
    </ClInclude>
    <ClInclude Include="Math\SSERng.h">
      <Filter>Header Files\Math</Filter>
    </ClInclude>
    <ClInclude Include="Statistics\StatsImpl.h">
      <Filter>Header Files\Statistics</Filter>
    </ClInclude>
    <ClInclude Include="Statistics.h">
      <Filter>Header Files</Filter>
    </ClInclude>
    <ClInclude Include="Util\SystemStats.h">
      <Filter>Header Files\Util</Filter>
    </ClInclude>
    <ClInclude Include="Util\ThreadingHelpers.h">
      <Filter>Header Files\Util</Filter>
    </ClInclude>
    <ClInclude Include="Util\NonInitializingAllocator.h">
      <Filter>Header Files\Util</Filter>
    </ClInclude>
    <ClInclude Include="Util\AlignedUniquePtr.h">
      <Filter>Header Files\Util</Filter>
    </ClInclude>
    <ClInclude Include="Util\CachingFactory.h">
      <Filter>Header Files\Util</Filter>
    </ClInclude>
    <ClInclude Include="Util\Result.h">
      <Filter>Header Files\Util</Filter>
    </ClInclude>
    <ClInclude Include="Util\SparseVector.h">
      <Filter>Header Files\Util</Filter>
    </ClInclude>
  </ItemGroup>
  <ItemGroup>
    <ClCompile Include="dllmain.cpp">
      <Filter>Source Files</Filter>
    </ClCompile>
    <ClCompile Include="Intersection\empty3d.cpp">
      <Filter>Source Files\Intersection</Filter>
    </ClCompile>
    <ClCompile Include="Intersection\quantization.cpp">
      <Filter>Source Files\Intersection</Filter>
    </ClCompile>
    <ClCompile Include="Intersection\triangle.c">
      <Filter>Source Files\Intersection</Filter>
    </ClCompile>
    <ClCompile Include="Util\log.cpp">
      <Filter>Source Files\Util</Filter>
    </ClCompile>
    <ClCompile Include="FileFormats\ifs.cpp">
      <Filter>Source Files\FileFormats</Filter>
    </ClCompile>
    <ClCompile Include="FileFormats\off.cpp">
      <Filter>Source Files\FileFormats</Filter>
    </ClCompile>
    <ClCompile Include="TriangleMesh.cpp">
      <Filter>Source Files</Filter>
    </ClCompile>
    <ClCompile Include="aabvh.cpp">
      <Filter>Source Files\Accel</Filter>
    </ClCompile>
    <ClCompile Include="Mesh\Mesh.cpp">
      <Filter>Source Files\Mesh</Filter>
    </ClCompile>
    <ClCompile Include="Mesh\TopoCache.cpp">
      <Filter>Source Files\Mesh</Filter>
    </ClCompile>
    <ClCompile Include="Mesh\Intersection.cpp">
      <Filter>Source Files\Mesh</Filter>
    </ClCompile>
  </ItemGroup>
  <ItemGroup>
    <None Include="ClassDiagram.cd" />
    <None Include="Mesh\TopoCache.h">
      <Filter>Header Files\Mesh</Filter>
    </None>
  </ItemGroup>
</Project>